
Microsoft Visual Studio Solution File, Format Version 12.00
# Visual Studio Version 17
VisualStudioVersion = 17.6.33815.320
MinimumVisualStudioVersion = 10.0.40219.1
Project("{FAE04EC0-301F-11D3-BF4B-00C04F79EFBC}") = "SingleTon", "SingleTon.csproj", "{74BB25BA-9A58-487B-AB1A-009A1D3AC668}"
EndProject
Global
	GlobalSection(SolutionConfigurationPlatforms) = preSolution
		Debug|Any CPU = Debug|Any CPU
		Release|Any CPU = Release|Any CPU
	EndGlobalSection
	GlobalSection(ProjectConfigurationPlatforms) = postSolution
		{74BB25BA-9A58-487B-AB1A-009A1D3AC668}.Debug|Any CPU.ActiveCfg = Debug|Any CPU
		{74BB25BA-9A58-487B-AB1A-009A1D3AC668}.Debug|Any CPU.Build.0 = Debug|Any CPU
		{74BB25BA-9A58-487B-AB1A-009A1D3AC668}.Release|Any CPU.ActiveCfg = Release|Any CPU
		{74BB25BA-9A58-487B-AB1A-009A1D3AC668}.Release|Any CPU.Build.0 = Release|Any CPU
	EndGlobalSection
	GlobalSection(SolutionProperties) = preSolution
		HideSolutionNode = FALSE
	EndGlobalSection
	GlobalSection(ExtensibilityGlobals) = postSolution
		SolutionGuid = {56C851D5-0D90-4288-ADF9-F166C8185F29}
	EndGlobalSection
EndGlobal
